<?xml version="1.0" encoding="utf-8"?>
<Project ToolsVersion="4.0" xmlns="http://schemas.microsoft.com/developer/msbuild/2003">
  <ItemGroup>
    <Filter Include="Source Files">
      <UniqueIdentifier>{2c9331aa-ddbf-4f07-891c-784292fe33e0}</UniqueIdentifier>
      <Extensions>cpp;c;cxx;rc;def;r;odl;idl;hpj;bat</Extensions>
    </Filter>
    <Filter Include="Header Files">
      <UniqueIdentifier>{e9d46d26-681a-4092-899b-07fb2593e5c5}</UniqueIdentifier>
      <Extensions>h;hpp;hxx;hm;inl</Extensions>
    </Filter>
    <Filter Include="Resource Files">
      <UniqueIdentifier>{72637a76-5c25-401b-ac71-29277a985598}</UniqueIdentifier>
      <Extensions>ico;cur;bmp;dlg;rc2;rct;bin;rgs;gif;jpg;jpeg;jpe</Extensions>
    </Filter>
  </ItemGroup>
  <ItemGroup>
    <ClCompile Include="GUIDLL.cpp">
      <Filter>Source Files</Filter>
    </ClCompile>
    <ClCompile Include="LayoutConfig.cpp">
      <Filter>Source Files</Filter>
    </ClCompile>
    <ClCompile Include="MyLog.Cpp">
      <Filter>Source Files</Filter>
    </ClCompile>
    <ClCompile Include="QueueHandle.cpp">
      <Filter>Source Files</Filter>
    </ClCompile>
    <ClCompile Include="RecipeInfo.cpp">
      <Filter>Source Files</Filter>
    </ClCompile>
    <ClCompile Include="SmaHandle.cpp">
      <Filter>Source Files</Filter>
    </ClCompile>
    <ClCompile Include="SystemDataInfo.cpp">
      <Filter>Source Files</Filter>
    </ClCompile>
    <ClCompile Include="SystemRunInfo.cpp">
      <Filter>Source Files</Filter>
    </ClCompile>
  </ItemGroup>
  <ItemGroup>
    <None Include="GUIDLL.def">
      <Filter>Source Files</Filter>
    </None>
  </ItemGroup>
  <ItemGroup>
    <ClInclude Include="InlineExtern.h">
      <Filter>Header Files</Filter>
    </ClInclude>
    <ClInclude Include="LayoutConfig.h">
      <Filter>Header Files</Filter>
    </ClInclude>
    <ClInclude Include="MyLog.h">
      <Filter>Header Files</Filter>
    </ClInclude>
    <ClInclude Include="QueueHandle.h">
      <Filter>Header Files</Filter>
    </ClInclude>
    <ClInclude Include="RecipeInfo.h">
      <Filter>Header Files</Filter>
    </ClInclude>
    <ClInclude Include="SmaHandle.h">
      <Filter>Header Files</Filter>
    </ClInclude>
    <ClInclude Include="SystemDataInfo.h">
      <Filter>Header Files</Filter>
    </ClInclude>
    <ClInclude Include="SystemRunInfo.h">
      <Filter>Header Files</Filter>
    </ClInclude>
  </ItemGroup>
</Project>