Microsoft Visual Studio Solution File, Format Version 8.00
Project("{8BC9CEB8-8B4A-11D0-8D11-00A0C91BC942}") = "GUIDLL", "GUIDLL.vcproj", "{FC96F1BF-1D83-4B5D-87D3-3B73050564AE}"
	ProjectSection(ProjectDependencies) = postProject
	EndProjectSection
EndProject
Global
	GlobalSection(SolutionConfiguration) = preSolution
		Debug = Debug
		Release = Release
	EndGlobalSection
	GlobalSection(ProjectConfiguration) = postSolution
		{FC96F1BF-1D83-4B5D-87D3-3B73050564AE}.Debug.ActiveCfg = Debug|Win32
		{FC96F1BF-1D83-4B5D-87D3-3B73050564AE}.Debug.Build.0 = Debug|Win32
		{FC96F1BF-1D83-4B5D-87D3-3B73050564AE}.Release.ActiveCfg = Release|Win32
		{FC96F1BF-1D83-4B5D-87D3-3B73050564AE}.Release.Build.0 = Release|Win32
	EndGlobalSection
	GlobalSection(ExtensibilityGlobals) = postSolution
	EndGlobalSection
	GlobalSection(ExtensibilityAddIns) = postSolution
	EndGlobalSection
EndGlobal
